
Microsoft Visual Studio Solution File, Format Version 12.00
# Visual Studio Version 17
VisualStudioVersion = 17.0.32112.339
MinimumVisualStudioVersion = 10.0.40219.1
Project("{9A19103F-16F7-4668-BE54-9A1E7A4F7556}") = "ThreadPool", "ThreadPool\ThreadPool.csproj", "{2A8AD518-43AB-4977-A2D4-91816985E7AD}"
EndProject
Project("{9A19103F-16F7-4668-BE54-9A1E7A4F7556}") = "Status", "TaskStatus\Status.csproj", "{E7D71C83-BF06-46B7-BF8F-E9BE713572C0}"
EndProject
Project("{9A19103F-16F7-4668-BE54-9A1E7A4F7556}") = "Wait", "TaskWait\Wait.csproj", "{9E32ABCD-3897-46E4-9F94-B3D3A813FBDD}"
EndProject
Project("{9A19103F-16F7-4668-BE54-9A1E7A4F7556}") = "ValueTask", "ValueTask_2\ValueTask.csproj", "{1CC008C8-6670-420F-9B1A-C69550717570}"
EndProject
Project("{2150E333-8FDC-42A3-9474-1A3956D46DE8}") = "AsyncAwait", "AsyncAwait", "{3393502C-6451-4E81-A14F-9FCC26BA0D5C}"
EndProject
Project("{9A19103F-16F7-4668-BE54-9A1E7A4F7556}") = "ThreadContinuation", "AsyncAwait_1\ThreadContinuation.csproj", "{967419B2-C68B-4FD4-A934-57449BF5E283}"
EndProject
Project("{9A19103F-16F7-4668-BE54-9A1E7A4F7556}") = "AsyncAwaitDecompile", "AsyncAwait_2\AsyncAwaitDecompile.csproj", "{6CB5DB1C-0C7B-48EA-B16B-D43D47F1A54E}"
EndProject
Project("{9A19103F-16F7-4668-BE54-9A1E7A4F7556}") = "ConfigureAwait", "AsyncAwait_ConfigureAwait\ConfigureAwait.csproj", "{067DF363-CC70-4D71-AC08-54C5EF5C33A3}"
EndProject
Project("{9A19103F-16F7-4668-BE54-9A1E7A4F7556}") = "SynchronizationContexts", "AsyncAwait_SyncronizationContex\SynchronizationContexts.csproj", "{6DC8BC88-D1A0-4CDE-9D61-D8365037AFDC}"
EndProject
Project("{9A19103F-16F7-4668-BE54-9A1E7A4F7556}") = "AsyncVoid", "AsyncAwait_AsyncVoid\AsyncVoid.csproj", "{2DBF5F62-49AC-4D99-B642-94A0D7267DAA}"
EndProject
Project("{2150E333-8FDC-42A3-9474-1A3956D46DE8}") = "Threads", "Threads", "{01B62890-32D1-4AD5-8594-DC5F13530336}"
EndProject
Project("{9A19103F-16F7-4668-BE54-9A1E7A4F7556}") = "Suspend", "Suspend\Suspend.csproj", "{96435E16-9499-4794-9BFB-1C2804D8884F}"
EndProject
Project("{9A19103F-16F7-4668-BE54-9A1E7A4F7556}") = "Interrupt", "Interrupt\Interrupt.csproj", "{33637F15-E6AA-46DF-A114-6BCD6E4B6852}"
EndProject
Project("{9A19103F-16F7-4668-BE54-9A1E7A4F7556}") = "Join", "Join\Join.csproj", "{380BB0C0-29C8-4877-A9AE-F1AB73272788}"
EndProject
Project("{9A19103F-16F7-4668-BE54-9A1E7A4F7556}") = "Start", "ParameterizedThreadStart\Start.csproj", "{C4158B13-8826-4DF6-8816-80D363DCCC85}"
EndProject
Project("{2150E333-8FDC-42A3-9474-1A3956D46DE8}") = "Synchronization primitives", "Synchronization primitives", "{EB6EFA7E-2259-4BB6-86CB-882A755163FA}"
EndProject
Project("{9A19103F-16F7-4668-BE54-9A1E7A4F7556}") = "Monitor", "Monitor\Monitor.csproj", "{E479668E-0AC1-4ABC-88FE-C44A5364082C}"
EndProject
Project("{9A19103F-16F7-4668-BE54-9A1E7A4F7556}") = "Lock", "Lock\Lock.csproj", "{4848602C-9AC4-4740-8795-D4E95FFD696A}"
EndProject
Project("{9A19103F-16F7-4668-BE54-9A1E7A4F7556}") = "LockObject", "LockObject\LockObject.csproj", "{53DEE04D-CB37-4206-9A48-AD6D80F4D2EF}"
EndProject
Project("{2150E333-8FDC-42A3-9474-1A3956D46DE8}") = "Thread pool", "Thread pool", "{AC83D1AB-F7B0-4E2A-BDB0-245BAEF6DBD9}"
EndProject
Project("{2150E333-8FDC-42A3-9474-1A3956D46DE8}") = "ThreadPool", "ThreadPool", "{D806FF7E-CB37-40FF-BBCA-ED0153C2CD0C}"
EndProject
Project("{9A19103F-16F7-4668-BE54-9A1E7A4F7556}") = "QueueUserWorkItem", "QueueUserWorkItem\QueueUserWorkItem.csproj", "{F0DE3AE1-B915-42E5-8990-FFE55EE16038}"
EndProject
Project("{9A19103F-16F7-4668-BE54-9A1E7A4F7556}") = "AsyncCallback", "AsyncCallback\AsyncCallback.csproj", "{C3D182E7-A214-41BB-A08D-5BAD9DD30B03}"
EndProject
Project("{2150E333-8FDC-42A3-9474-1A3956D46DE8}") = "Interprocess Synchronisation", "Interprocess Synchronisation", "{5A11A361-B01D-45B9-9AA8-F223F3CF074E}"
EndProject
Project("{9A19103F-16F7-4668-BE54-9A1E7A4F7556}") = "ThreadStatic", "ThreadStatic\ThreadStatic.csproj", "{8C391C94-09A0-4599-9FD7-EFC4134AF234}"
EndProject
Project("{2150E333-8FDC-42A3-9474-1A3956D46DE8}") = "MessagePassing", "MessagePassing", "{46BB2F30-F47E-40C5-8720-1B088D25DA58}"
EndProject
Project("{9A19103F-16F7-4668-BE54-9A1E7A4F7556}") = "Sender", "Sender\Sender.csproj", "{2BE26FBA-7877-4D98-8BDA-C6605978E80F}"
EndProject
Project("{9A19103F-16F7-4668-BE54-9A1E7A4F7556}") = "Receiver", "Receiver\Receiver.csproj", "{3C2CEBA5-C191-458E-9E53-5EB73BD8545C}"
EndProject
Project("{2150E333-8FDC-42A3-9474-1A3956D46DE8}") = "Semaphore", "Semaphore", "{8E9B7EFB-9A80-47F6-B5F4-042F3602909A}"
EndProject
Project("{2150E333-8FDC-42A3-9474-1A3956D46DE8}") = "Mutex", "Mutex", "{046236DE-88AF-4196-8080-E320A1145ADD}"
EndProject
Project("{9A19103F-16F7-4668-BE54-9A1E7A4F7556}") = "Mutex", "MutexSender\Mutex.csproj", "{4369CF93-90ED-41BD-B75A-ADD57E3205A1}"
EndProject
Project("{9A19103F-16F7-4668-BE54-9A1E7A4F7556}") = "TryMutex", "MutexReceiver\TryMutex.csproj", "{EF42CF42-8CAB-451B-877D-A232DA8A29F2}"
EndProject
Project("{2150E333-8FDC-42A3-9474-1A3956D46DE8}") = "Deadlock, Race condition", "Deadlock, Race condition", "{C6E1FF22-695B-4269-9F09-82BFAC4AB52A}"
EndProject
Project("{9A19103F-16F7-4668-BE54-9A1E7A4F7556}") = "Deadlock", "Deadlock\Deadlock.csproj", "{FB983130-5C6C-4463-9A34-83833F8D84D4}"
EndProject
Project("{9A19103F-16F7-4668-BE54-9A1E7A4F7556}") = "RaceCondition", "RaceCondition\RaceCondition.csproj", "{0D4AFDD4-1A6B-48AE-8204-544CA742D4FD}"
EndProject
Project("{2150E333-8FDC-42A3-9474-1A3956D46DE8}") = "ResetEvent", "ResetEvent", "{62F7F27A-F7CC-4C79-A621-E5F01C40ABFA}"
EndProject
Project("{9A19103F-16F7-4668-BE54-9A1E7A4F7556}") = "ResetEvent", "ManualResetEvent\ResetEvent.csproj", "{E3753DF0-CE73-48BA-AE9C-7B058E185897}"
EndProject
Project("{2150E333-8FDC-42A3-9474-1A3956D46DE8}") = "TPL", "TPL", "{3848371E-20F8-4731-953C-BD0BB798FE3B}"
EndProject
Project("{2150E333-8FDC-42A3-9474-1A3956D46DE8}") = "Task", "Task", "{47CFB517-4432-40A1-8A14-D9ABE7A86F09}"
EndProject
Project("{9A19103F-16F7-4668-BE54-9A1E7A4F7556}") = "Id", "IdAndCurrentId\Id.csproj", "{952857D8-DB24-4485-93E4-039441DFF8A8}"
EndProject
Project("{9A19103F-16F7-4668-BE54-9A1E7A4F7556}") = "Run", "HotAndCold\Run.csproj", "{9B644ABC-B69E-45FB-B228-C18EF9D1D472}"
EndProject
Project("{9A19103F-16F7-4668-BE54-9A1E7A4F7556}") = "TaskFactory", "TaskFactory\TaskFactory.csproj", "{4D6A989E-1FB1-4AE2-953E-50DDA58AB11F}"
EndProject
Project("{9A19103F-16F7-4668-BE54-9A1E7A4F7556}") = "Result", "Result\Result.csproj", "{5A832D97-25EF-48CF-B5B8-2275FF605BE0}"
EndProject
Project("{9A19103F-16F7-4668-BE54-9A1E7A4F7556}") = "CancellationToken", "CancellationToken\CancellationToken.csproj", "{261A2490-A296-4395-B2B1-1CD0EF6B47AD}"
EndProject
Project("{9A19103F-16F7-4668-BE54-9A1E7A4F7556}") = "ContinueWith", "ContinueWith\ContinueWith.csproj", "{B61A6E10-9D6A-45F7-BAA3-D6848094792C}"
EndProject
Project("{9A19103F-16F7-4668-BE54-9A1E7A4F7556}") = "Inheritance", "Inheritance\Inheritance.csproj", "{EBEE97B1-DF83-4C01-BD82-7DABB669A300}"
EndProject
Project("{2150E333-8FDC-42A3-9474-1A3956D46DE8}") = "Parallel", "Parallel", "{A88613B3-E648-4C1D-A7A3-4D390D692FBC}"
EndProject
Project("{9A19103F-16F7-4668-BE54-9A1E7A4F7556}") = "Parallel.Invoke", "Parallel.Invoke\Parallel.Invoke.csproj", "{04A5E3FA-EAE0-4BF3-A558-CF7F88F8A7F8}"
EndProject
Project("{9A19103F-16F7-4668-BE54-9A1E7A4F7556}") = "Parallel.For", "Parallel.For\Parallel.For.csproj", "{DA74A2ED-BED3-46B6-B32A-1B64AECB1E11}"
EndProject
Project("{9A19103F-16F7-4668-BE54-9A1E7A4F7556}") = "Parallel.For.Break", "Parallel.For.Break\Parallel.For.Break.csproj", "{2082014F-51DC-4113-A729-CA4588D498AF}"
EndProject
Project("{9A19103F-16F7-4668-BE54-9A1E7A4F7556}") = "Parallel.ForEach", "Parallel.ForEach\Parallel.ForEach.csproj", "{83D8DCA4-043B-4C84-A80D-DB4CBBF1B03B}"
EndProject
Project("{2150E333-8FDC-42A3-9474-1A3956D46DE8}") = "PLINQ", "PLINQ", "{535FB5C5-4CA3-4591-B7AF-FDB1E4FCC24E}"
EndProject
Project("{9A19103F-16F7-4668-BE54-9A1E7A4F7556}") = "AsParallel", "AsParallel\AsParallel.csproj", "{D07A2A82-94F3-491E-BF5F-557BB0BCEF6A}"
EndProject
Project("{9A19103F-16F7-4668-BE54-9A1E7A4F7556}") = "AsOrdered", "AsOrdered\AsOrdered.csproj", "{68DB59BA-45D8-4A0D-A0C9-A225A9176E2C}"
EndProject
Project("{9A19103F-16F7-4668-BE54-9A1E7A4F7556}") = "WithCancellation", "WithCancellation\WithCancellation.csproj", "{C6A08BD5-28B1-4D15-AECF-62613BA317CB}"
EndProject
Project("{2150E333-8FDC-42A3-9474-1A3956D46DE8}") = "Solution Items", "Solution Items", "{738D41F8-BB20-4BF3-ACF3-4EFD7E6686E2}"
	ProjectSection(SolutionItems) = preProject
		.editorconfig = .editorconfig
	EndProjectSection
EndProject
Project("{9A19103F-16F7-4668-BE54-9A1E7A4F7556}") = "Semaphore", "Semaphore\Semaphore.csproj", "{D4A7B152-57CE-4AF8-A391-E8A45D72E7D3}"
EndProject
Project("{FAE04EC0-301F-11D3-BF4B-00C04F79EFBC}") = "Volatile", "Volatile\Volatile.csproj", "{053AE875-9D0D-4527-8D11-19C641A77554}"
EndProject
Global
	GlobalSection(SolutionConfigurationPlatforms) = preSolution
		Debug|Any CPU = Debug|Any CPU
		Release|Any CPU = Release|Any CPU
	EndGlobalSection
	GlobalSection(ProjectConfigurationPlatforms) = postSolution
		{2A8AD518-43AB-4977-A2D4-91816985E7AD}.Debug|Any CPU.ActiveCfg = Debug|Any CPU
		{2A8AD518-43AB-4977-A2D4-91816985E7AD}.Debug|Any CPU.Build.0 = Debug|Any CPU
		{2A8AD518-43AB-4977-A2D4-91816985E7AD}.Release|Any CPU.ActiveCfg = Release|Any CPU
		{2A8AD518-43AB-4977-A2D4-91816985E7AD}.Release|Any CPU.Build.0 = Release|Any CPU
		{E7D71C83-BF06-46B7-BF8F-E9BE713572C0}.Debug|Any CPU.ActiveCfg = Debug|Any CPU
		{E7D71C83-BF06-46B7-BF8F-E9BE713572C0}.Debug|Any CPU.Build.0 = Debug|Any CPU
		{E7D71C83-BF06-46B7-BF8F-E9BE713572C0}.Release|Any CPU.ActiveCfg = Release|Any CPU
		{E7D71C83-BF06-46B7-BF8F-E9BE713572C0}.Release|Any CPU.Build.0 = Release|Any CPU
		{9E32ABCD-3897-46E4-9F94-B3D3A813FBDD}.Debug|Any CPU.ActiveCfg = Debug|Any CPU
		{9E32ABCD-3897-46E4-9F94-B3D3A813FBDD}.Debug|Any CPU.Build.0 = Debug|Any CPU
		{9E32ABCD-3897-46E4-9F94-B3D3A813FBDD}.Release|Any CPU.ActiveCfg = Release|Any CPU
		{9E32ABCD-3897-46E4-9F94-B3D3A813FBDD}.Release|Any CPU.Build.0 = Release|Any CPU
		{1CC008C8-6670-420F-9B1A-C69550717570}.Debug|Any CPU.ActiveCfg = Debug|Any CPU
		{1CC008C8-6670-420F-9B1A-C69550717570}.Debug|Any CPU.Build.0 = Debug|Any CPU
		{1CC008C8-6670-420F-9B1A-C69550717570}.Release|Any CPU.ActiveCfg = Release|Any CPU
		{1CC008C8-6670-420F-9B1A-C69550717570}.Release|Any CPU.Build.0 = Release|Any CPU
		{967419B2-C68B-4FD4-A934-57449BF5E283}.Debug|Any CPU.ActiveCfg = Debug|Any CPU
		{967419B2-C68B-4FD4-A934-57449BF5E283}.Debug|Any CPU.Build.0 = Debug|Any CPU
		{967419B2-C68B-4FD4-A934-57449BF5E283}.Release|Any CPU.ActiveCfg = Release|Any CPU
		{967419B2-C68B-4FD4-A934-57449BF5E283}.Release|Any CPU.Build.0 = Release|Any CPU
		{6CB5DB1C-0C7B-48EA-B16B-D43D47F1A54E}.Debug|Any CPU.ActiveCfg = Debug|Any CPU
		{6CB5DB1C-0C7B-48EA-B16B-D43D47F1A54E}.Debug|Any CPU.Build.0 = Debug|Any CPU
		{6CB5DB1C-0C7B-48EA-B16B-D43D47F1A54E}.Release|Any CPU.ActiveCfg = Release|Any CPU
		{6CB5DB1C-0C7B-48EA-B16B-D43D47F1A54E}.Release|Any CPU.Build.0 = Release|Any CPU
		{067DF363-CC70-4D71-AC08-54C5EF5C33A3}.Debug|Any CPU.ActiveCfg = Debug|Any CPU
		{067DF363-CC70-4D71-AC08-54C5EF5C33A3}.Debug|Any CPU.Build.0 = Debug|Any CPU
		{067DF363-CC70-4D71-AC08-54C5EF5C33A3}.Release|Any CPU.ActiveCfg = Release|Any CPU
		{067DF363-CC70-4D71-AC08-54C5EF5C33A3}.Release|Any CPU.Build.0 = Release|Any CPU
		{6DC8BC88-D1A0-4CDE-9D61-D8365037AFDC}.Debug|Any CPU.ActiveCfg = Debug|Any CPU
		{6DC8BC88-D1A0-4CDE-9D61-D8365037AFDC}.Debug|Any CPU.Build.0 = Debug|Any CPU
		{6DC8BC88-D1A0-4CDE-9D61-D8365037AFDC}.Release|Any CPU.ActiveCfg = Release|Any CPU
		{6DC8BC88-D1A0-4CDE-9D61-D8365037AFDC}.Release|Any CPU.Build.0 = Release|Any CPU
		{2DBF5F62-49AC-4D99-B642-94A0D7267DAA}.Debug|Any CPU.ActiveCfg = Debug|Any CPU
		{2DBF5F62-49AC-4D99-B642-94A0D7267DAA}.Debug|Any CPU.Build.0 = Debug|Any CPU
		{2DBF5F62-49AC-4D99-B642-94A0D7267DAA}.Release|Any CPU.ActiveCfg = Release|Any CPU
		{2DBF5F62-49AC-4D99-B642-94A0D7267DAA}.Release|Any CPU.Build.0 = Release|Any CPU
		{96435E16-9499-4794-9BFB-1C2804D8884F}.Debug|Any CPU.ActiveCfg = Debug|Any CPU
		{96435E16-9499-4794-9BFB-1C2804D8884F}.Debug|Any CPU.Build.0 = Debug|Any CPU
		{96435E16-9499-4794-9BFB-1C2804D8884F}.Release|Any CPU.ActiveCfg = Release|Any CPU
		{96435E16-9499-4794-9BFB-1C2804D8884F}.Release|Any CPU.Build.0 = Release|Any CPU
		{33637F15-E6AA-46DF-A114-6BCD6E4B6852}.Debug|Any CPU.ActiveCfg = Debug|Any CPU
		{33637F15-E6AA-46DF-A114-6BCD6E4B6852}.Debug|Any CPU.Build.0 = Debug|Any CPU
		{33637F15-E6AA-46DF-A114-6BCD6E4B6852}.Release|Any CPU.ActiveCfg = Release|Any CPU
		{33637F15-E6AA-46DF-A114-6BCD6E4B6852}.Release|Any CPU.Build.0 = Release|Any CPU
		{380BB0C0-29C8-4877-A9AE-F1AB73272788}.Debug|Any CPU.ActiveCfg = Debug|Any CPU
		{380BB0C0-29C8-4877-A9AE-F1AB73272788}.Debug|Any CPU.Build.0 = Debug|Any CPU
		{380BB0C0-29C8-4877-A9AE-F1AB73272788}.Release|Any CPU.ActiveCfg = Release|Any CPU
		{380BB0C0-29C8-4877-A9AE-F1AB73272788}.Release|Any CPU.Build.0 = Release|Any CPU
		{C4158B13-8826-4DF6-8816-80D363DCCC85}.Debug|Any CPU.ActiveCfg = Debug|Any CPU
		{C4158B13-8826-4DF6-8816-80D363DCCC85}.Debug|Any CPU.Build.0 = Debug|Any CPU
		{C4158B13-8826-4DF6-8816-80D363DCCC85}.Release|Any CPU.ActiveCfg = Release|Any CPU
		{C4158B13-8826-4DF6-8816-80D363DCCC85}.Release|Any CPU.Build.0 = Release|Any CPU
		{E479668E-0AC1-4ABC-88FE-C44A5364082C}.Debug|Any CPU.ActiveCfg = Debug|Any CPU
		{E479668E-0AC1-4ABC-88FE-C44A5364082C}.Debug|Any CPU.Build.0 = Debug|Any CPU
		{E479668E-0AC1-4ABC-88FE-C44A5364082C}.Release|Any CPU.ActiveCfg = Release|Any CPU
		{E479668E-0AC1-4ABC-88FE-C44A5364082C}.Release|Any CPU.Build.0 = Release|Any CPU
		{4848602C-9AC4-4740-8795-D4E95FFD696A}.Debug|Any CPU.ActiveCfg = Debug|Any CPU
		{4848602C-9AC4-4740-8795-D4E95FFD696A}.Debug|Any CPU.Build.0 = Debug|Any CPU
		{4848602C-9AC4-4740-8795-D4E95FFD696A}.Release|Any CPU.ActiveCfg = Release|Any CPU
		{4848602C-9AC4-4740-8795-D4E95FFD696A}.Release|Any CPU.Build.0 = Release|Any CPU
		{53DEE04D-CB37-4206-9A48-AD6D80F4D2EF}.Debug|Any CPU.ActiveCfg = Debug|Any CPU
		{53DEE04D-CB37-4206-9A48-AD6D80F4D2EF}.Debug|Any CPU.Build.0 = Debug|Any CPU
		{53DEE04D-CB37-4206-9A48-AD6D80F4D2EF}.Release|Any CPU.ActiveCfg = Release|Any CPU
		{53DEE04D-CB37-4206-9A48-AD6D80F4D2EF}.Release|Any CPU.Build.0 = Release|Any CPU
		{F0DE3AE1-B915-42E5-8990-FFE55EE16038}.Debug|Any CPU.ActiveCfg = Debug|Any CPU
		{F0DE3AE1-B915-42E5-8990-FFE55EE16038}.Debug|Any CPU.Build.0 = Debug|Any CPU
		{F0DE3AE1-B915-42E5-8990-FFE55EE16038}.Release|Any CPU.ActiveCfg = Release|Any CPU
		{F0DE3AE1-B915-42E5-8990-FFE55EE16038}.Release|Any CPU.Build.0 = Release|Any CPU
		{C3D182E7-A214-41BB-A08D-5BAD9DD30B03}.Debug|Any CPU.ActiveCfg = Debug|Any CPU
		{C3D182E7-A214-41BB-A08D-5BAD9DD30B03}.Debug|Any CPU.Build.0 = Debug|Any CPU
		{C3D182E7-A214-41BB-A08D-5BAD9DD30B03}.Release|Any CPU.ActiveCfg = Release|Any CPU
		{C3D182E7-A214-41BB-A08D-5BAD9DD30B03}.Release|Any CPU.Build.0 = Release|Any CPU
		{8C391C94-09A0-4599-9FD7-EFC4134AF234}.Debug|Any CPU.ActiveCfg = Debug|Any CPU
		{8C391C94-09A0-4599-9FD7-EFC4134AF234}.Debug|Any CPU.Build.0 = Debug|Any CPU
		{8C391C94-09A0-4599-9FD7-EFC4134AF234}.Release|Any CPU.ActiveCfg = Release|Any CPU
		{8C391C94-09A0-4599-9FD7-EFC4134AF234}.Release|Any CPU.Build.0 = Release|Any CPU
		{2BE26FBA-7877-4D98-8BDA-C6605978E80F}.Debug|Any CPU.ActiveCfg = Debug|Any CPU
		{2BE26FBA-7877-4D98-8BDA-C6605978E80F}.Debug|Any CPU.Build.0 = Debug|Any CPU
		{2BE26FBA-7877-4D98-8BDA-C6605978E80F}.Release|Any CPU.ActiveCfg = Release|Any CPU
		{2BE26FBA-7877-4D98-8BDA-C6605978E80F}.Release|Any CPU.Build.0 = Release|Any CPU
		{3C2CEBA5-C191-458E-9E53-5EB73BD8545C}.Debug|Any CPU.ActiveCfg = Debug|Any CPU
		{3C2CEBA5-C191-458E-9E53-5EB73BD8545C}.Debug|Any CPU.Build.0 = Debug|Any CPU
		{3C2CEBA5-C191-458E-9E53-5EB73BD8545C}.Release|Any CPU.ActiveCfg = Release|Any CPU
		{3C2CEBA5-C191-458E-9E53-5EB73BD8545C}.Release|Any CPU.Build.0 = Release|Any CPU
		{4369CF93-90ED-41BD-B75A-ADD57E3205A1}.Debug|Any CPU.ActiveCfg = Debug|Any CPU
		{4369CF93-90ED-41BD-B75A-ADD57E3205A1}.Debug|Any CPU.Build.0 = Debug|Any CPU
		{4369CF93-90ED-41BD-B75A-ADD57E3205A1}.Release|Any CPU.ActiveCfg = Release|Any CPU
		{4369CF93-90ED-41BD-B75A-ADD57E3205A1}.Release|Any CPU.Build.0 = Release|Any CPU
		{EF42CF42-8CAB-451B-877D-A232DA8A29F2}.Debug|Any CPU.ActiveCfg = Debug|Any CPU
		{EF42CF42-8CAB-451B-877D-A232DA8A29F2}.Debug|Any CPU.Build.0 = Debug|Any CPU
		{EF42CF42-8CAB-451B-877D-A232DA8A29F2}.Release|Any CPU.ActiveCfg = Release|Any CPU
		{EF42CF42-8CAB-451B-877D-A232DA8A29F2}.Release|Any CPU.Build.0 = Release|Any CPU
		{FB983130-5C6C-4463-9A34-83833F8D84D4}.Debug|Any CPU.ActiveCfg = Debug|Any CPU
		{FB983130-5C6C-4463-9A34-83833F8D84D4}.Debug|Any CPU.Build.0 = Debug|Any CPU
		{FB983130-5C6C-4463-9A34-83833F8D84D4}.Release|Any CPU.ActiveCfg = Release|Any CPU
		{FB983130-5C6C-4463-9A34-83833F8D84D4}.Release|Any CPU.Build.0 = Release|Any CPU
		{0D4AFDD4-1A6B-48AE-8204-544CA742D4FD}.Debug|Any CPU.ActiveCfg = Debug|Any CPU
		{0D4AFDD4-1A6B-48AE-8204-544CA742D4FD}.Debug|Any CPU.Build.0 = Debug|Any CPU
		{0D4AFDD4-1A6B-48AE-8204-544CA742D4FD}.Release|Any CPU.ActiveCfg = Release|Any CPU
		{0D4AFDD4-1A6B-48AE-8204-544CA742D4FD}.Release|Any CPU.Build.0 = Release|Any CPU
		{E3753DF0-CE73-48BA-AE9C-7B058E185897}.Debug|Any CPU.ActiveCfg = Debug|Any CPU
		{E3753DF0-CE73-48BA-AE9C-7B058E185897}.Debug|Any CPU.Build.0 = Debug|Any CPU
		{E3753DF0-CE73-48BA-AE9C-7B058E185897}.Release|Any CPU.ActiveCfg = Release|Any CPU
		{E3753DF0-CE73-48BA-AE9C-7B058E185897}.Release|Any CPU.Build.0 = Release|Any CPU
		{952857D8-DB24-4485-93E4-039441DFF8A8}.Debug|Any CPU.ActiveCfg = Debug|Any CPU
		{952857D8-DB24-4485-93E4-039441DFF8A8}.Debug|Any CPU.Build.0 = Debug|Any CPU
		{952857D8-DB24-4485-93E4-039441DFF8A8}.Release|Any CPU.ActiveCfg = Release|Any CPU
		{952857D8-DB24-4485-93E4-039441DFF8A8}.Release|Any CPU.Build.0 = Release|Any CPU
		{9B644ABC-B69E-45FB-B228-C18EF9D1D472}.Debug|Any CPU.ActiveCfg = Debug|Any CPU
		{9B644ABC-B69E-45FB-B228-C18EF9D1D472}.Debug|Any CPU.Build.0 = Debug|Any CPU
		{9B644ABC-B69E-45FB-B228-C18EF9D1D472}.Release|Any CPU.ActiveCfg = Release|Any CPU
		{9B644ABC-B69E-45FB-B228-C18EF9D1D472}.Release|Any CPU.Build.0 = Release|Any CPU
		{4D6A989E-1FB1-4AE2-953E-50DDA58AB11F}.Debug|Any CPU.ActiveCfg = Debug|Any CPU
		{4D6A989E-1FB1-4AE2-953E-50DDA58AB11F}.Debug|Any CPU.Build.0 = Debug|Any CPU
		{4D6A989E-1FB1-4AE2-953E-50DDA58AB11F}.Release|Any CPU.ActiveCfg = Release|Any CPU
		{4D6A989E-1FB1-4AE2-953E-50DDA58AB11F}.Release|Any CPU.Build.0 = Release|Any CPU
		{5A832D97-25EF-48CF-B5B8-2275FF605BE0}.Debug|Any CPU.ActiveCfg = Debug|Any CPU
		{5A832D97-25EF-48CF-B5B8-2275FF605BE0}.Debug|Any CPU.Build.0 = Debug|Any CPU
		{5A832D97-25EF-48CF-B5B8-2275FF605BE0}.Release|Any CPU.ActiveCfg = Release|Any CPU
		{5A832D97-25EF-48CF-B5B8-2275FF605BE0}.Release|Any CPU.Build.0 = Release|Any CPU
		{261A2490-A296-4395-B2B1-1CD0EF6B47AD}.Debug|Any CPU.ActiveCfg = Debug|Any CPU
		{261A2490-A296-4395-B2B1-1CD0EF6B47AD}.Debug|Any CPU.Build.0 = Debug|Any CPU
		{261A2490-A296-4395-B2B1-1CD0EF6B47AD}.Release|Any CPU.ActiveCfg = Release|Any CPU
		{261A2490-A296-4395-B2B1-1CD0EF6B47AD}.Release|Any CPU.Build.0 = Release|Any CPU
		{B61A6E10-9D6A-45F7-BAA3-D6848094792C}.Debug|Any CPU.ActiveCfg = Debug|Any CPU
		{B61A6E10-9D6A-45F7-BAA3-D6848094792C}.Debug|Any CPU.Build.0 = Debug|Any CPU
		{B61A6E10-9D6A-45F7-BAA3-D6848094792C}.Release|Any CPU.ActiveCfg = Release|Any CPU
		{B61A6E10-9D6A-45F7-BAA3-D6848094792C}.Release|Any CPU.Build.0 = Release|Any CPU
		{EBEE97B1-DF83-4C01-BD82-7DABB669A300}.Debug|Any CPU.ActiveCfg = Debug|Any CPU
		{EBEE97B1-DF83-4C01-BD82-7DABB669A300}.Debug|Any CPU.Build.0 = Debug|Any CPU
		{EBEE97B1-DF83-4C01-BD82-7DABB669A300}.Release|Any CPU.ActiveCfg = Release|Any CPU
		{EBEE97B1-DF83-4C01-BD82-7DABB669A300}.Release|Any CPU.Build.0 = Release|Any CPU
		{04A5E3FA-EAE0-4BF3-A558-CF7F88F8A7F8}.Debug|Any CPU.ActiveCfg = Debug|Any CPU
		{04A5E3FA-EAE0-4BF3-A558-CF7F88F8A7F8}.Debug|Any CPU.Build.0 = Debug|Any CPU
		{04A5E3FA-EAE0-4BF3-A558-CF7F88F8A7F8}.Release|Any CPU.ActiveCfg = Release|Any CPU
		{04A5E3FA-EAE0-4BF3-A558-CF7F88F8A7F8}.Release|Any CPU.Build.0 = Release|Any CPU
		{DA74A2ED-BED3-46B6-B32A-1B64AECB1E11}.Debug|Any CPU.ActiveCfg = Debug|Any CPU
		{DA74A2ED-BED3-46B6-B32A-1B64AECB1E11}.Debug|Any CPU.Build.0 = Debug|Any CPU
		{DA74A2ED-BED3-46B6-B32A-1B64AECB1E11}.Release|Any CPU.ActiveCfg = Release|Any CPU
		{DA74A2ED-BED3-46B6-B32A-1B64AECB1E11}.Release|Any CPU.Build.0 = Release|Any CPU
		{2082014F-51DC-4113-A729-CA4588D498AF}.Debug|Any CPU.ActiveCfg = Debug|Any CPU
		{2082014F-51DC-4113-A729-CA4588D498AF}.Debug|Any CPU.Build.0 = Debug|Any CPU
		{2082014F-51DC-4113-A729-CA4588D498AF}.Release|Any CPU.ActiveCfg = Release|Any CPU
		{2082014F-51DC-4113-A729-CA4588D498AF}.Release|Any CPU.Build.0 = Release|Any CPU
		{83D8DCA4-043B-4C84-A80D-DB4CBBF1B03B}.Debug|Any CPU.ActiveCfg = Debug|Any CPU
		{83D8DCA4-043B-4C84-A80D-DB4CBBF1B03B}.Debug|Any CPU.Build.0 = Debug|Any CPU
		{83D8DCA4-043B-4C84-A80D-DB4CBBF1B03B}.Release|Any CPU.ActiveCfg = Release|Any CPU
		{83D8DCA4-043B-4C84-A80D-DB4CBBF1B03B}.Release|Any CPU.Build.0 = Release|Any CPU
		{D07A2A82-94F3-491E-BF5F-557BB0BCEF6A}.Debug|Any CPU.ActiveCfg = Debug|Any CPU
		{D07A2A82-94F3-491E-BF5F-557BB0BCEF6A}.Debug|Any CPU.Build.0 = Debug|Any CPU
		{D07A2A82-94F3-491E-BF5F-557BB0BCEF6A}.Release|Any CPU.ActiveCfg = Release|Any CPU
		{D07A2A82-94F3-491E-BF5F-557BB0BCEF6A}.Release|Any CPU.Build.0 = Release|Any CPU
		{68DB59BA-45D8-4A0D-A0C9-A225A9176E2C}.Debug|Any CPU.ActiveCfg = Debug|Any CPU
		{68DB59BA-45D8-4A0D-A0C9-A225A9176E2C}.Debug|Any CPU.Build.0 = Debug|Any CPU
		{68DB59BA-45D8-4A0D-A0C9-A225A9176E2C}.Release|Any CPU.ActiveCfg = Release|Any CPU
		{68DB59BA-45D8-4A0D-A0C9-A225A9176E2C}.Release|Any CPU.Build.0 = Release|Any CPU
		{C6A08BD5-28B1-4D15-AECF-62613BA317CB}.Debug|Any CPU.ActiveCfg = Debug|Any CPU
		{C6A08BD5-28B1-4D15-AECF-62613BA317CB}.Debug|Any CPU.Build.0 = Debug|Any CPU
		{C6A08BD5-28B1-4D15-AECF-62613BA317CB}.Release|Any CPU.ActiveCfg = Release|Any CPU
		{C6A08BD5-28B1-4D15-AECF-62613BA317CB}.Release|Any CPU.Build.0 = Release|Any CPU
		{D4A7B152-57CE-4AF8-A391-E8A45D72E7D3}.Debug|Any CPU.ActiveCfg = Debug|Any CPU
		{D4A7B152-57CE-4AF8-A391-E8A45D72E7D3}.Debug|Any CPU.Build.0 = Debug|Any CPU
		{D4A7B152-57CE-4AF8-A391-E8A45D72E7D3}.Release|Any CPU.ActiveCfg = Release|Any CPU
		{D4A7B152-57CE-4AF8-A391-E8A45D72E7D3}.Release|Any CPU.Build.0 = Release|Any CPU
		{053AE875-9D0D-4527-8D11-19C641A77554}.Debug|Any CPU.ActiveCfg = Debug|Any CPU
		{053AE875-9D0D-4527-8D11-19C641A77554}.Debug|Any CPU.Build.0 = Debug|Any CPU
		{053AE875-9D0D-4527-8D11-19C641A77554}.Release|Any CPU.ActiveCfg = Release|Any CPU
		{053AE875-9D0D-4527-8D11-19C641A77554}.Release|Any CPU.Build.0 = Release|Any CPU
	EndGlobalSection
	GlobalSection(SolutionProperties) = preSolution
		HideSolutionNode = FALSE
	EndGlobalSection
	GlobalSection(NestedProjects) = preSolution
		{2A8AD518-43AB-4977-A2D4-91816985E7AD} = {D806FF7E-CB37-40FF-BBCA-ED0153C2CD0C}
		{E7D71C83-BF06-46B7-BF8F-E9BE713572C0} = {47CFB517-4432-40A1-8A14-D9ABE7A86F09}
		{9E32ABCD-3897-46E4-9F94-B3D3A813FBDD} = {47CFB517-4432-40A1-8A14-D9ABE7A86F09}
		{1CC008C8-6670-420F-9B1A-C69550717570} = {47CFB517-4432-40A1-8A14-D9ABE7A86F09}
		{3393502C-6451-4E81-A14F-9FCC26BA0D5C} = {3848371E-20F8-4731-953C-BD0BB798FE3B}
		{967419B2-C68B-4FD4-A934-57449BF5E283} = {3393502C-6451-4E81-A14F-9FCC26BA0D5C}
		{6CB5DB1C-0C7B-48EA-B16B-D43D47F1A54E} = {3393502C-6451-4E81-A14F-9FCC26BA0D5C}
		{067DF363-CC70-4D71-AC08-54C5EF5C33A3} = {3393502C-6451-4E81-A14F-9FCC26BA0D5C}
		{6DC8BC88-D1A0-4CDE-9D61-D8365037AFDC} = {3393502C-6451-4E81-A14F-9FCC26BA0D5C}
		{2DBF5F62-49AC-4D99-B642-94A0D7267DAA} = {3393502C-6451-4E81-A14F-9FCC26BA0D5C}
		{96435E16-9499-4794-9BFB-1C2804D8884F} = {01B62890-32D1-4AD5-8594-DC5F13530336}
		{33637F15-E6AA-46DF-A114-6BCD6E4B6852} = {01B62890-32D1-4AD5-8594-DC5F13530336}
		{380BB0C0-29C8-4877-A9AE-F1AB73272788} = {01B62890-32D1-4AD5-8594-DC5F13530336}
		{C4158B13-8826-4DF6-8816-80D363DCCC85} = {01B62890-32D1-4AD5-8594-DC5F13530336}
		{E479668E-0AC1-4ABC-88FE-C44A5364082C} = {EB6EFA7E-2259-4BB6-86CB-882A755163FA}
		{4848602C-9AC4-4740-8795-D4E95FFD696A} = {EB6EFA7E-2259-4BB6-86CB-882A755163FA}
		{53DEE04D-CB37-4206-9A48-AD6D80F4D2EF} = {EB6EFA7E-2259-4BB6-86CB-882A755163FA}
		{D806FF7E-CB37-40FF-BBCA-ED0153C2CD0C} = {AC83D1AB-F7B0-4E2A-BDB0-245BAEF6DBD9}
		{F0DE3AE1-B915-42E5-8990-FFE55EE16038} = {D806FF7E-CB37-40FF-BBCA-ED0153C2CD0C}
		{C3D182E7-A214-41BB-A08D-5BAD9DD30B03} = {D806FF7E-CB37-40FF-BBCA-ED0153C2CD0C}
		{8C391C94-09A0-4599-9FD7-EFC4134AF234} = {EB6EFA7E-2259-4BB6-86CB-882A755163FA}
		{46BB2F30-F47E-40C5-8720-1B088D25DA58} = {5A11A361-B01D-45B9-9AA8-F223F3CF074E}
		{2BE26FBA-7877-4D98-8BDA-C6605978E80F} = {46BB2F30-F47E-40C5-8720-1B088D25DA58}
		{3C2CEBA5-C191-458E-9E53-5EB73BD8545C} = {46BB2F30-F47E-40C5-8720-1B088D25DA58}
		{8E9B7EFB-9A80-47F6-B5F4-042F3602909A} = {5A11A361-B01D-45B9-9AA8-F223F3CF074E}
		{046236DE-88AF-4196-8080-E320A1145ADD} = {5A11A361-B01D-45B9-9AA8-F223F3CF074E}
		{4369CF93-90ED-41BD-B75A-ADD57E3205A1} = {046236DE-88AF-4196-8080-E320A1145ADD}
		{EF42CF42-8CAB-451B-877D-A232DA8A29F2} = {046236DE-88AF-4196-8080-E320A1145ADD}
		{FB983130-5C6C-4463-9A34-83833F8D84D4} = {C6E1FF22-695B-4269-9F09-82BFAC4AB52A}
		{0D4AFDD4-1A6B-48AE-8204-544CA742D4FD} = {C6E1FF22-695B-4269-9F09-82BFAC4AB52A}
		{E3753DF0-CE73-48BA-AE9C-7B058E185897} = {62F7F27A-F7CC-4C79-A621-E5F01C40ABFA}
		{47CFB517-4432-40A1-8A14-D9ABE7A86F09} = {3848371E-20F8-4731-953C-BD0BB798FE3B}
		{952857D8-DB24-4485-93E4-039441DFF8A8} = {47CFB517-4432-40A1-8A14-D9ABE7A86F09}
		{9B644ABC-B69E-45FB-B228-C18EF9D1D472} = {47CFB517-4432-40A1-8A14-D9ABE7A86F09}
		{4D6A989E-1FB1-4AE2-953E-50DDA58AB11F} = {47CFB517-4432-40A1-8A14-D9ABE7A86F09}
		{5A832D97-25EF-48CF-B5B8-2275FF605BE0} = {47CFB517-4432-40A1-8A14-D9ABE7A86F09}
		{261A2490-A296-4395-B2B1-1CD0EF6B47AD} = {47CFB517-4432-40A1-8A14-D9ABE7A86F09}
		{B61A6E10-9D6A-45F7-BAA3-D6848094792C} = {47CFB517-4432-40A1-8A14-D9ABE7A86F09}
		{EBEE97B1-DF83-4C01-BD82-7DABB669A300} = {47CFB517-4432-40A1-8A14-D9ABE7A86F09}
		{A88613B3-E648-4C1D-A7A3-4D390D692FBC} = {3848371E-20F8-4731-953C-BD0BB798FE3B}
		{04A5E3FA-EAE0-4BF3-A558-CF7F88F8A7F8} = {A88613B3-E648-4C1D-A7A3-4D390D692FBC}
		{DA74A2ED-BED3-46B6-B32A-1B64AECB1E11} = {A88613B3-E648-4C1D-A7A3-4D390D692FBC}
		{2082014F-51DC-4113-A729-CA4588D498AF} = {A88613B3-E648-4C1D-A7A3-4D390D692FBC}
		{83D8DCA4-043B-4C84-A80D-DB4CBBF1B03B} = {A88613B3-E648-4C1D-A7A3-4D390D692FBC}
		{535FB5C5-4CA3-4591-B7AF-FDB1E4FCC24E} = {3848371E-20F8-4731-953C-BD0BB798FE3B}
		{D07A2A82-94F3-491E-BF5F-557BB0BCEF6A} = {535FB5C5-4CA3-4591-B7AF-FDB1E4FCC24E}
		{68DB59BA-45D8-4A0D-A0C9-A225A9176E2C} = {535FB5C5-4CA3-4591-B7AF-FDB1E4FCC24E}
		{C6A08BD5-28B1-4D15-AECF-62613BA317CB} = {535FB5C5-4CA3-4591-B7AF-FDB1E4FCC24E}
		{D4A7B152-57CE-4AF8-A391-E8A45D72E7D3} = {8E9B7EFB-9A80-47F6-B5F4-042F3602909A}
		{053AE875-9D0D-4527-8D11-19C641A77554} = {EB6EFA7E-2259-4BB6-86CB-882A755163FA}
	EndGlobalSection
	GlobalSection(ExtensibilityGlobals) = postSolution
		SolutionGuid = {AED4FAA0-FA80-424B-A2AD-765FF9E72F56}
	EndGlobalSection
EndGlobal
